
Microsoft Visual Studio Solution File, Format Version 12.00
# Visual Studio 15
VisualStudioVersion = 15.0.27428.2011
MinimumVisualStudioVersion = 10.0.40219.1
Project("{FAE04EC0-301F-11D3-BF4B-00C04F79EFBC}") = "DefensiveCodeDemo", "DefensiveCodeDemo\DefensiveCodeDemo.csproj", "{127499EA-82B0-4A3B-9025-DE5AB1E88525}"
EndProject
Project("{FAE04EC0-301F-11D3-BF4B-00C04F79EFBC}") = "DefensiveCodeDemo.Repositories", "DefensiveCodeDemo.Repositories\DefensiveCodeDemo.Repositories.csproj", "{67756B11-27BC-4C73-8C38-74785230C6C4}"
EndProject
Project("{FAE04EC0-301F-11D3-BF4B-00C04F79EFBC}") = "DefensiveCodeDemo.Models", "DefensiveCodeDemo.Models\DefensiveCodeDemo.Models.csproj", "{A250F977-B7A5-4000-9B06-C3F87B58963A}"
EndProject
Project("{FAE04EC0-301F-11D3-BF4B-00C04F79EFBC}") = "DefensiveCodeDemo.Contracts", "DefensiveCodeDemo.Contracts\DefensiveCodeDemo.Contracts.csproj", "{8E285870-774E-4999-B3C5-5AD8C994DDAE}"
EndProject
Project("{00D1A9C2-B5F0-4AF3-8072-F6C62B433612}") = "DefensiveCodeDemo.Database", "DefensiveCodeDemo.Database\DefensiveCodeDemo.Database.sqlproj", "{F3A374F8-7E00-46D4-9129-55F31498C812}"
EndProject
Global
	GlobalSection(SolutionConfigurationPlatforms) = preSolution
		Debug|Any CPU = Debug|Any CPU
		Release|Any CPU = Release|Any CPU
	EndGlobalSection
	GlobalSection(ProjectConfigurationPlatforms) = postSolution
		{127499EA-82B0-4A3B-9025-DE5AB1E88525}.Debug|Any CPU.ActiveCfg = Debug|Any CPU
		{127499EA-82B0-4A3B-9025-DE5AB1E88525}.Debug|Any CPU.Build.0 = Debug|Any CPU
		{127499EA-82B0-4A3B-9025-DE5AB1E88525}.Release|Any CPU.ActiveCfg = Release|Any CPU
		{127499EA-82B0-4A3B-9025-DE5AB1E88525}.Release|Any CPU.Build.0 = Release|Any CPU
		{67756B11-27BC-4C73-8C38-74785230C6C4}.Debug|Any CPU.ActiveCfg = Debug|Any CPU
		{67756B11-27BC-4C73-8C38-74785230C6C4}.Debug|Any CPU.Build.0 = Debug|Any CPU
		{67756B11-27BC-4C73-8C38-74785230C6C4}.Release|Any CPU.ActiveCfg = Release|Any CPU
		{67756B11-27BC-4C73-8C38-74785230C6C4}.Release|Any CPU.Build.0 = Release|Any CPU
		{A250F977-B7A5-4000-9B06-C3F87B58963A}.Debug|Any CPU.ActiveCfg = Debug|Any CPU
		{A250F977-B7A5-4000-9B06-C3F87B58963A}.Debug|Any CPU.Build.0 = Debug|Any CPU
		{A250F977-B7A5-4000-9B06-C3F87B58963A}.Release|Any CPU.ActiveCfg = Release|Any CPU
		{A250F977-B7A5-4000-9B06-C3F87B58963A}.Release|Any CPU.Build.0 = Release|Any CPU
		{8E285870-774E-4999-B3C5-5AD8C994DDAE}.Debug|Any CPU.ActiveCfg = Debug|Any CPU
		{8E285870-774E-4999-B3C5-5AD8C994DDAE}.Debug|Any CPU.Build.0 = Debug|Any CPU
		{8E285870-774E-4999-B3C5-5AD8C994DDAE}.Release|Any CPU.ActiveCfg = Release|Any CPU
		{8E285870-774E-4999-B3C5-5AD8C994DDAE}.Release|Any CPU.Build.0 = Release|Any CPU
		{F3A374F8-7E00-46D4-9129-55F31498C812}.Debug|Any CPU.ActiveCfg = Debug|Any CPU
		{F3A374F8-7E00-46D4-9129-55F31498C812}.Debug|Any CPU.Build.0 = Debug|Any CPU
		{F3A374F8-7E00-46D4-9129-55F31498C812}.Debug|Any CPU.Deploy.0 = Debug|Any CPU
		{F3A374F8-7E00-46D4-9129-55F31498C812}.Release|Any CPU.ActiveCfg = Release|Any CPU
		{F3A374F8-7E00-46D4-9129-55F31498C812}.Release|Any CPU.Build.0 = Release|Any CPU
		{F3A374F8-7E00-46D4-9129-55F31498C812}.Release|Any CPU.Deploy.0 = Release|Any CPU
	EndGlobalSection
	GlobalSection(SolutionProperties) = preSolution
		HideSolutionNode = FALSE
	EndGlobalSection
	GlobalSection(ExtensibilityGlobals) = postSolution
		SolutionGuid = {D6338F62-89D1-400D-BA2E-AC6224003911}
	EndGlobalSection
EndGlobal
